
Microsoft Visual Studio Solution File, Format Version 12.00
# Visual Studio 14
VisualStudioVersion = 14.0.25420.1
MinimumVisualStudioVersion = 10.0.40219.1
Project("{FAE04EC0-301F-11D3-BF4B-00C04F79EFBC}") = "Practica 4", "Practica4\Practica 4.csproj", "{4CA15D43-AB5F-4C65-B139-31745A6E8234}"
EndProject
Project("{FAE04EC0-301F-11D3-BF4B-00C04F79EFBC}") = "Practica 1", "Practica1\Practica 1.csproj", "{F225629E-8E2B-44D7-96FB-A3B8A522CA07}"
EndProject
Project("{FAE04EC0-301F-11D3-BF4B-00C04F79EFBC}") = "Practica 2", "Practica 2\Practica 2.csproj", "{7E29A1DB-3365-4820-A279-5CF23FEF396B}"
EndProject
Project("{FAE04EC0-301F-11D3-BF4B-00C04F79EFBC}") = "Practica 3", "Practica 3\Practica 3.csproj", "{D9C6EF91-5E1F-4F48-9587-6305A217BDD1}"
EndProject
Project("{FAE04EC0-301F-11D3-BF4B-00C04F79EFBC}") = "practica5", "practica5\practica5.csproj", "{0C2BE21B-66EF-4A5A-AB62-4C86C672C3C0}"
EndProject
Global
	GlobalSection(SolutionConfigurationPlatforms) = preSolution
		Debug|Any CPU = Debug|Any CPU
		Release|Any CPU = Release|Any CPU
	EndGlobalSection
	GlobalSection(ProjectConfigurationPlatforms) = postSolution
		{4CA15D43-AB5F-4C65-B139-31745A6E8234}.Debug|Any CPU.ActiveCfg = Debug|Any CPU
		{4CA15D43-AB5F-4C65-B139-31745A6E8234}.Debug|Any CPU.Build.0 = Debug|Any CPU
		{4CA15D43-AB5F-4C65-B139-31745A6E8234}.Release|Any CPU.ActiveCfg = Release|Any CPU
		{4CA15D43-AB5F-4C65-B139-31745A6E8234}.Release|Any CPU.Build.0 = Release|Any CPU
		{F225629E-8E2B-44D7-96FB-A3B8A522CA07}.Debug|Any CPU.ActiveCfg = Debug|Any CPU
		{F225629E-8E2B-44D7-96FB-A3B8A522CA07}.Debug|Any CPU.Build.0 = Debug|Any CPU
		{F225629E-8E2B-44D7-96FB-A3B8A522CA07}.Release|Any CPU.ActiveCfg = Release|Any CPU
		{F225629E-8E2B-44D7-96FB-A3B8A522CA07}.Release|Any CPU.Build.0 = Release|Any CPU
		{7E29A1DB-3365-4820-A279-5CF23FEF396B}.Debug|Any CPU.ActiveCfg = Debug|Any CPU
		{7E29A1DB-3365-4820-A279-5CF23FEF396B}.Debug|Any CPU.Build.0 = Debug|Any CPU
		{7E29A1DB-3365-4820-A279-5CF23FEF396B}.Release|Any CPU.ActiveCfg = Release|Any CPU
		{7E29A1DB-3365-4820-A279-5CF23FEF396B}.Release|Any CPU.Build.0 = Release|Any CPU
		{D9C6EF91-5E1F-4F48-9587-6305A217BDD1}.Debug|Any CPU.ActiveCfg = Debug|Any CPU
		{D9C6EF91-5E1F-4F48-9587-6305A217BDD1}.Debug|Any CPU.Build.0 = Debug|Any CPU
		{D9C6EF91-5E1F-4F48-9587-6305A217BDD1}.Release|Any CPU.ActiveCfg = Release|Any CPU
		{D9C6EF91-5E1F-4F48-9587-6305A217BDD1}.Release|Any CPU.Build.0 = Release|Any CPU
		{0C2BE21B-66EF-4A5A-AB62-4C86C672C3C0}.Debug|Any CPU.ActiveCfg = Debug|Any CPU
		{0C2BE21B-66EF-4A5A-AB62-4C86C672C3C0}.Debug|Any CPU.Build.0 = Debug|Any CPU
		{0C2BE21B-66EF-4A5A-AB62-4C86C672C3C0}.Release|Any CPU.ActiveCfg = Release|Any CPU
		{0C2BE21B-66EF-4A5A-AB62-4C86C672C3C0}.Release|Any CPU.Build.0 = Release|Any CPU
	EndGlobalSection
	GlobalSection(SolutionProperties) = preSolution
		HideSolutionNode = FALSE
	EndGlobalSection
EndGlobal
